
Microsoft Visual Studio Solution File, Format Version 12.00
# Visual Studio Version 17
VisualStudioVersion = 17.6.33829.357
MinimumVisualStudioVersion = 10.0.40219.1
Project("{9A19103F-16F7-4668-BE54-9A1E7A4F7556}") = "AuthServer", "AuthServer\AuthServer.csproj", "{D01A9963-F44F-4FB8-8C3A-E65F34337DBF}"
EndProject
Project("{9A19103F-16F7-4668-BE54-9A1E7A4F7556}") = "Gateway", "Gateway\Gateway.csproj", "{C7CDE9DC-5661-4CBF-8C34-415E821209C7}"
EndProject
Project("{2150E333-8FDC-42A3-9474-1A3956D46DE8}") = "Shared", "Shared", "{57EFE3F9-64C1-4D3A-80C5-299CCAD3B194}"
EndProject
Project("{9A19103F-16F7-4668-BE54-9A1E7A4F7556}") = "ServiceRegistration", "ServiceRegistration\ServiceRegistration.csproj", "{089C916D-9A1E-4A42-AE21-4792FC2DDFC6}"
EndProject
Project("{9A19103F-16F7-4668-BE54-9A1E7A4F7556}") = "AuctionService", "AuctionService\AuctionService.csproj", "{48E513C0-29C4-4B63-B8A0-06FD23483912}"
EndProject
Project("{2150E333-8FDC-42A3-9474-1A3956D46DE8}") = "AuctionService", "AuctionService", "{5F0210C5-1B2D-4E18-8D98-AED23362BAAB}"
EndProject
Project("{FAE04EC0-301F-11D3-BF4B-00C04F79EFBC}") = "AuctionService.Core", "AuctionService.Core\AuctionService.Core.csproj", "{49B0C894-CA58-474B-973D-4613B4A13DA8}"
EndProject
Project("{FAE04EC0-301F-11D3-BF4B-00C04F79EFBC}") = "AuctionService.Application", "AuctionService.Application\AuctionService.Application.csproj", "{D4DE1069-7EC8-4FB3-9A23-17B13E275EA4}"
EndProject
Project("{FAE04EC0-301F-11D3-BF4B-00C04F79EFBC}") = "AuctionService.Infrastructure", "AuctionService.Infrastructure\AuctionService.Infrastructure.csproj", "{1B971A68-8D16-4D34-ADF9-5BDBCA3987AB}"
EndProject
Project("{FAE04EC0-301F-11D3-BF4B-00C04F79EFBC}") = "AuctionService.Application.UnitTests", "AuctionService.Application.UnitTests\AuctionService.Application.UnitTests.csproj", "{EE1717AF-75FC-433B-AAD1-A1E714BF55F2}"
EndProject
Global
	GlobalSection(SolutionConfigurationPlatforms) = preSolution
		Debug|Any CPU = Debug|Any CPU
		Release|Any CPU = Release|Any CPU
	EndGlobalSection
	GlobalSection(ProjectConfigurationPlatforms) = postSolution
		{D01A9963-F44F-4FB8-8C3A-E65F34337DBF}.Debug|Any CPU.ActiveCfg = Debug|Any CPU
		{D01A9963-F44F-4FB8-8C3A-E65F34337DBF}.Debug|Any CPU.Build.0 = Debug|Any CPU
		{D01A9963-F44F-4FB8-8C3A-E65F34337DBF}.Release|Any CPU.ActiveCfg = Release|Any CPU
		{D01A9963-F44F-4FB8-8C3A-E65F34337DBF}.Release|Any CPU.Build.0 = Release|Any CPU
		{C7CDE9DC-5661-4CBF-8C34-415E821209C7}.Debug|Any CPU.ActiveCfg = Debug|Any CPU
		{C7CDE9DC-5661-4CBF-8C34-415E821209C7}.Debug|Any CPU.Build.0 = Debug|Any CPU
		{C7CDE9DC-5661-4CBF-8C34-415E821209C7}.Release|Any CPU.ActiveCfg = Release|Any CPU
		{C7CDE9DC-5661-4CBF-8C34-415E821209C7}.Release|Any CPU.Build.0 = Release|Any CPU
		{089C916D-9A1E-4A42-AE21-4792FC2DDFC6}.Debug|Any CPU.ActiveCfg = Debug|Any CPU
		{089C916D-9A1E-4A42-AE21-4792FC2DDFC6}.Debug|Any CPU.Build.0 = Debug|Any CPU
		{089C916D-9A1E-4A42-AE21-4792FC2DDFC6}.Release|Any CPU.ActiveCfg = Release|Any CPU
		{089C916D-9A1E-4A42-AE21-4792FC2DDFC6}.Release|Any CPU.Build.0 = Release|Any CPU
		{48E513C0-29C4-4B63-B8A0-06FD23483912}.Debug|Any CPU.ActiveCfg = Debug|Any CPU
		{48E513C0-29C4-4B63-B8A0-06FD23483912}.Debug|Any CPU.Build.0 = Debug|Any CPU
		{48E513C0-29C4-4B63-B8A0-06FD23483912}.Release|Any CPU.ActiveCfg = Release|Any CPU
		{48E513C0-29C4-4B63-B8A0-06FD23483912}.Release|Any CPU.Build.0 = Release|Any CPU
		{49B0C894-CA58-474B-973D-4613B4A13DA8}.Debug|Any CPU.ActiveCfg = Debug|Any CPU
		{49B0C894-CA58-474B-973D-4613B4A13DA8}.Debug|Any CPU.Build.0 = Debug|Any CPU
		{49B0C894-CA58-474B-973D-4613B4A13DA8}.Release|Any CPU.ActiveCfg = Release|Any CPU
		{49B0C894-CA58-474B-973D-4613B4A13DA8}.Release|Any CPU.Build.0 = Release|Any CPU
		{D4DE1069-7EC8-4FB3-9A23-17B13E275EA4}.Debug|Any CPU.ActiveCfg = Debug|Any CPU
		{D4DE1069-7EC8-4FB3-9A23-17B13E275EA4}.Debug|Any CPU.Build.0 = Debug|Any CPU
		{D4DE1069-7EC8-4FB3-9A23-17B13E275EA4}.Release|Any CPU.ActiveCfg = Release|Any CPU
		{D4DE1069-7EC8-4FB3-9A23-17B13E275EA4}.Release|Any CPU.Build.0 = Release|Any CPU
		{1B971A68-8D16-4D34-ADF9-5BDBCA3987AB}.Debug|Any CPU.ActiveCfg = Debug|Any CPU
		{1B971A68-8D16-4D34-ADF9-5BDBCA3987AB}.Debug|Any CPU.Build.0 = Debug|Any CPU
		{1B971A68-8D16-4D34-ADF9-5BDBCA3987AB}.Release|Any CPU.ActiveCfg = Release|Any CPU
		{1B971A68-8D16-4D34-ADF9-5BDBCA3987AB}.Release|Any CPU.Build.0 = Release|Any CPU
		{EE1717AF-75FC-433B-AAD1-A1E714BF55F2}.Debug|Any CPU.ActiveCfg = Debug|Any CPU
		{EE1717AF-75FC-433B-AAD1-A1E714BF55F2}.Debug|Any CPU.Build.0 = Debug|Any CPU
		{EE1717AF-75FC-433B-AAD1-A1E714BF55F2}.Release|Any CPU.ActiveCfg = Release|Any CPU
		{EE1717AF-75FC-433B-AAD1-A1E714BF55F2}.Release|Any CPU.Build.0 = Release|Any CPU
	EndGlobalSection
	GlobalSection(SolutionProperties) = preSolution
		HideSolutionNode = FALSE
	EndGlobalSection
	GlobalSection(NestedProjects) = preSolution
		{089C916D-9A1E-4A42-AE21-4792FC2DDFC6} = {57EFE3F9-64C1-4D3A-80C5-299CCAD3B194}
		{48E513C0-29C4-4B63-B8A0-06FD23483912} = {5F0210C5-1B2D-4E18-8D98-AED23362BAAB}
		{49B0C894-CA58-474B-973D-4613B4A13DA8} = {5F0210C5-1B2D-4E18-8D98-AED23362BAAB}
		{D4DE1069-7EC8-4FB3-9A23-17B13E275EA4} = {5F0210C5-1B2D-4E18-8D98-AED23362BAAB}
		{1B971A68-8D16-4D34-ADF9-5BDBCA3987AB} = {5F0210C5-1B2D-4E18-8D98-AED23362BAAB}
		{EE1717AF-75FC-433B-AAD1-A1E714BF55F2} = {5F0210C5-1B2D-4E18-8D98-AED23362BAAB}
	EndGlobalSection
EndGlobal
